
Microsoft Visual Studio Solution File, Format Version 12.00
# Visual Studio Version 16
VisualStudioVersion = 16.0.29215.179
MinimumVisualStudioVersion = 10.0.40219.1
Project("{8BC9CEB8-8B4A-11D0-8D11-00A0C91BC942}") = "Milestone3", "Milestone3\Milestone3.vcxproj", "{9F5B6225-830A-4DFC-A83E-3CFC8D59F7A5}"
EndProject
Global
	GlobalSection(SolutionConfigurationPlatforms) = preSolution
		Debug|x64 = Debug|x64
		Debug|x86 = Debug|x86
		Release|x64 = Release|x64
		Release|x86 = Release|x86
	EndGlobalSection
	GlobalSection(ProjectConfigurationPlatforms) = postSolution
		{9F5B6225-830A-4DFC-A83E-3CFC8D59F7A5}.Debug|x64.ActiveCfg = Debug|x64
		{9F5B6225-830A-4DFC-A83E-3CFC8D59F7A5}.Debug|x64.Build.0 = Debug|x64
		{9F5B6225-830A-4DFC-A83E-3CFC8D59F7A5}.Debug|x86.ActiveCfg = Debug|Win32
		{9F5B6225-830A-4DFC-A83E-3CFC8D59F7A5}.Debug|x86.Build.0 = Debug|Win32
		{9F5B6225-830A-4DFC-A83E-3CFC8D59F7A5}.Release|x64.ActiveCfg = Release|x64
		{9F5B6225-830A-4DFC-A83E-3CFC8D59F7A5}.Release|x64.Build.0 = Release|x64
		{9F5B6225-830A-4DFC-A83E-3CFC8D59F7A5}.Release|x86.ActiveCfg = Release|Win32
		{9F5B6225-830A-4DFC-A83E-3CFC8D59F7A5}.Release|x86.Build.0 = Release|Win32
	EndGlobalSection
	GlobalSection(SolutionProperties) = preSolution
		HideSolutionNode = FALSE
	EndGlobalSection
	GlobalSection(ExtensibilityGlobals) = postSolution
		SolutionGuid = {74034130-43F1-4DC8-9BEB-CB91F8782669}
	EndGlobalSection
EndGlobal
